
Microsoft Visual Studio Solution File, Format Version 12.00
# Visual Studio 15
VisualStudioVersion = 15.0.27004.2008
MinimumVisualStudioVersion = 10.0.40219.1
Project("{9A19103F-16F7-4668-BE54-9A1E7A4F7556}") = "dal", "dal\dal.csproj", "{25C2F282-E68D-466D-AFEA-39EFD5A325F3}"
EndProject
Project("{9A19103F-16F7-4668-BE54-9A1E7A4F7556}") = "web", "web\web.csproj", "{3F3FE45C-FEB9-4BA4-981D-8F2CB87A54E3}"
EndProject
Global
	GlobalSection(SolutionConfigurationPlatforms) = preSolution
		Debug|Any CPU = Debug|Any CPU
		Release|Any CPU = Release|Any CPU
	EndGlobalSection
	GlobalSection(ProjectConfigurationPlatforms) = postSolution
		{25C2F282-E68D-466D-AFEA-39EFD5A325F3}.Debug|Any CPU.ActiveCfg = Debug|Any CPU
		{25C2F282-E68D-466D-AFEA-39EFD5A325F3}.Debug|Any CPU.Build.0 = Debug|Any CPU
		{25C2F282-E68D-466D-AFEA-39EFD5A325F3}.Release|Any CPU.ActiveCfg = Release|Any CPU
		{25C2F282-E68D-466D-AFEA-39EFD5A325F3}.Release|Any CPU.Build.0 = Release|Any CPU
		{3F3FE45C-FEB9-4BA4-981D-8F2CB87A54E3}.Debug|Any CPU.ActiveCfg = Debug|Any CPU
		{3F3FE45C-FEB9-4BA4-981D-8F2CB87A54E3}.Debug|Any CPU.Build.0 = Debug|Any CPU
		{3F3FE45C-FEB9-4BA4-981D-8F2CB87A54E3}.Release|Any CPU.ActiveCfg = Release|Any CPU
		{3F3FE45C-FEB9-4BA4-981D-8F2CB87A54E3}.Release|Any CPU.Build.0 = Release|Any CPU
	EndGlobalSection
	GlobalSection(SolutionProperties) = preSolution
		HideSolutionNode = FALSE
	EndGlobalSection
	GlobalSection(ExtensibilityGlobals) = postSolution
		SolutionGuid = {E6597AB9-8D24-4505-9043-3891B53C75CA}
	EndGlobalSection
EndGlobal
